PODS:
  - Alamofire (4.9.1)
  - SDWebImage (5.14.1):
    - SDWebImage/Core (= 5.14.1)
  - SDWebImage/Core (5.14.1)

DEPENDENCIES:
  - Alamofire
  - SDWebImage

SPEC REPOS:
  trunk:
    - Alamofire
    - SDWebImage

SPEC CHECKSUMS:
  Alamofire: 85e8a02c69d6020a0d734f6054870d7ecb75cf18
  SDWebImage: e1b3c38f170c6100130fce6856e423ed9e5f4fce

PODFILE CHECKSUM: 3bf9f18d367d2c6aa01dd39827f42741984ce076

COCOAPODS: 1.11.3
